// !$*UTF8*$!
{
	archiveVersion = 1;
	classes = {
	};
	objectVersion = 56;
	objects = {

/* Begin PBXBuildFile section */
		F11FB4A029BF4578002B7CB6 /* SignUpViewController.swift in Sources */ = {isa = PBXBuildFile; fileRef = F11FB49F29BF4578002B7CB6 /* SignUpViewController.swift */; };
		F11FB4A229BF56FD002B7CB6 /* UIImage+.swift in Sources */ = {isa = PBXBuildFile; fileRef = F11FB4A129BF56FD002B7CB6 /* UIImage+.swift */; };
		F1B8298929C18E950058C843 /* AppleAuthenticationRepository.swift in Sources */ = {isa = PBXBuildFile; fileRef = F1B8298829C18E950058C843 /* AppleAuthenticationRepository.swift */; };
		F1B8298B29C1A0EC0058C843 /* KeychainProvider.swift in Sources */ = {isa = PBXBuildFile; fileRef = F1B8298A29C1A0EC0058C843 /* KeychainProvider.swift */; };
		F1EB03EB29BCCA30009764E8 /* AppDelegate.swift in Sources */ = {isa = PBXBuildFile; fileRef = F1EB03EA29BCCA30009764E8 /* AppDelegate.swift */; };
		F1EB03ED29BCCA30009764E8 /* SceneDelegate.swift in Sources */ = {isa = PBXBuildFile; fileRef = F1EB03EC29BCCA30009764E8 /* SceneDelegate.swift */; };
		F1EB03F429BCCA32009764E8 /* Assets.xcassets in Resources */ = {isa = PBXBuildFile; fileRef = F1EB03F329BCCA32009764E8 /* Assets.xcassets */; };
		F1EB03F729BCCA32009764E8 /* LaunchScreen.storyboard in Resources */ = {isa = PBXBuildFile; fileRef = F1EB03F529BCCA32009764E8 /* LaunchScreen.storyboard */; };
		F1EB043A29BCDFE9009764E8 /* .swiftlint.yml in Resources */ = {isa = PBXBuildFile; fileRef = F1EB043929BCDFE9009764E8 /* .swiftlint.yml */; };
		F1EB044B29BDB2D4009764E8 /* NetworkModule in Frameworks */ = {isa = PBXBuildFile; productRef = F1EB044A29BDB2D4009764E8 /* NetworkModule */; };
		F1EB045529BDB862009764E8 /* UIModule in Frameworks */ = {isa = PBXBuildFile; productRef = F1EB045429BDB862009764E8 /* UIModule */; };
		F1EB045929BDC62B009764E8 /* RootCoordinator.swift in Sources */ = {isa = PBXBuildFile; fileRef = F1EB045829BDC62B009764E8 /* RootCoordinator.swift */; };
		F1EB045B29BDC8EF009764E8 /* AuthenticationCoordinator.swift in Sources */ = {isa = PBXBuildFile; fileRef = F1EB045A29BDC8EF009764E8 /* AuthenticationCoordinator.swift */; };
		F1EB045D29BDC986009764E8 /* AppMode.swift in Sources */ = {isa = PBXBuildFile; fileRef = F1EB045C29BDC986009764E8 /* AppMode.swift */; };
		F1EB046129BDCBEB009764E8 /* HomeCoordinator.swift in Sources */ = {isa = PBXBuildFile; fileRef = F1EB046029BDCBEB009764E8 /* HomeCoordinator.swift */; };
		F1EB046529BDCD7F009764E8 /* HomeViewController.swift in Sources */ = {isa = PBXBuildFile; fileRef = F1EB046429BDCD7F009764E8 /* HomeViewController.swift */; };
		F1EB046729BDCD8D009764E8 /* AuthenticationViewController.swift in Sources */ = {isa = PBXBuildFile; fileRef = F1EB046629BDCD8D009764E8 /* AuthenticationViewController.swift */; };
		F1EB046C29BE055A009764E8 /* DependenciesContainer.swift in Sources */ = {isa = PBXBuildFile; fileRef = F1EB046B29BE055A009764E8 /* DependenciesContainer.swift */; };
		F1EB047029BE0598009764E8 /* DependencyKey.swift in Sources */ = {isa = PBXBuildFile; fileRef = F1EB046F29BE0598009764E8 /* DependencyKey.swift */; };
		F1EB047229BE086B009764E8 /* DependenciesDefinition.swift in Sources */ = {isa = PBXBuildFile; fileRef = F1EB047129BE086B009764E8 /* DependenciesDefinition.swift */; };
		F1EB047629BE1868009764E8 /* UIButton+.swift in Sources */ = {isa = PBXBuildFile; fileRef = F1EB047529BE1868009764E8 /* UIButton+.swift */; };
		F1EB047929BE1B7F009764E8 /* Fonts.swift in Sources */ = {isa = PBXBuildFile; fileRef = F1EB047829BE1B7F009764E8 /* Fonts.swift */; };
		F1EB047B29BE1B95009764E8 /* Palettes.swift in Sources */ = {isa = PBXBuildFile; fileRef = F1EB047A29BE1B95009764E8 /* Palettes.swift */; };
		F1EB049029BE236B009764E8 /* NotoSans-Regular.ttf in Resources */ = {isa = PBXBuildFile; fileRef = F1EB047D29BE236B009764E8 /* NotoSans-Regular.ttf */; };
		F1EB049129BE236B009764E8 /* NotoSans-Medium.ttf in Resources */ = {isa = PBXBuildFile; fileRef = F1EB047E29BE236B009764E8 /* NotoSans-Medium.ttf */; };
		F1EB049229BE236B009764E8 /* NotoSans-MediumItalic.ttf in Resources */ = {isa = PBXBuildFile; fileRef = F1EB047F29BE236B009764E8 /* NotoSans-MediumItalic.ttf */; };
		F1EB049329BE236B009764E8 /* NotoSans-Black.ttf in Resources */ = {isa = PBXBuildFile; fileRef = F1EB048029BE236B009764E8 /* NotoSans-Black.ttf */; };
		F1EB049429BE236B009764E8 /* NotoSans-Bold.ttf in Resources */ = {isa = PBXBuildFile; fileRef = F1EB048129BE236B009764E8 /* NotoSans-Bold.ttf */; };
		F1EB049529BE236B009764E8 /* NotoSans-Thin.ttf in Resources */ = {isa = PBXBuildFile; fileRef = F1EB048229BE236B009764E8 /* NotoSans-Thin.ttf */; };
		F1EB049629BE236B009764E8 /* NotoSans-SemiBold.ttf in Resources */ = {isa = PBXBuildFile; fileRef = F1EB048329BE236B009764E8 /* NotoSans-SemiBold.ttf */; };
		F1EB049729BE236B009764E8 /* NotoSans-SemiBoldItalic.ttf in Resources */ = {isa = PBXBuildFile; fileRef = F1EB048429BE236B009764E8 /* NotoSans-SemiBoldItalic.ttf */; };
		F1EB049829BE236B009764E8 /* OFL.txt in Resources */ = {isa = PBXBuildFile; fileRef = F1EB048529BE236B009764E8 /* OFL.txt */; };
		F1EB049929BE236B009764E8 /* NotoSans-LightItalic.ttf in Resources */ = {isa = PBXBuildFile; fileRef = F1EB048629BE236B009764E8 /* NotoSans-LightItalic.ttf */; };
		F1EB049A29BE236B009764E8 /* NotoSans-Light.ttf in Resources */ = {isa = PBXBuildFile; fileRef = F1EB048729BE236B009764E8 /* NotoSans-Light.ttf */; };
		F1EB049B29BE236B009764E8 /* NotoSans-BoldItalic.ttf in Resources */ = {isa = PBXBuildFile; fileRef = F1EB048829BE236B009764E8 /* NotoSans-BoldItalic.ttf */; };
		F1EB049C29BE236B009764E8 /* NotoSans-BlackItalic.ttf in Resources */ = {isa = PBXBuildFile; fileRef = F1EB048929BE236B009764E8 /* NotoSans-BlackItalic.ttf */; };
		F1EB049D29BE236B009764E8 /* NotoSans-ExtraBoldItalic.ttf in Resources */ = {isa = PBXBuildFile; fileRef = F1EB048A29BE236B009764E8 /* NotoSans-ExtraBoldItalic.ttf */; };
		F1EB049E29BE236B009764E8 /* NotoSans-ExtraLight.ttf in Resources */ = {isa = PBXBuildFile; fileRef = F1EB048B29BE236B009764E8 /* NotoSans-ExtraLight.ttf */; };
		F1EB049F29BE236B009764E8 /* NotoSans-ThinItalic.ttf in Resources */ = {isa = PBXBuildFile; fileRef = F1EB048C29BE236B009764E8 /* NotoSans-ThinItalic.ttf */; };
		F1EB04A029BE236B009764E8 /* NotoSans-ExtraLightItalic.ttf in Resources */ = {isa = PBXBuildFile; fileRef = F1EB048D29BE236B009764E8 /* NotoSans-ExtraLightItalic.ttf */; };
		F1EB04A129BE236B009764E8 /* NotoSans-ExtraBold.ttf in Resources */ = {isa = PBXBuildFile; fileRef = F1EB048E29BE236B009764E8 /* NotoSans-ExtraBold.ttf */; };
		F1EB04A229BE236B009764E8 /* NotoSans-Italic.ttf in Resources */ = {isa = PBXBuildFile; fileRef = F1EB048F29BE236B009764E8 /* NotoSans-Italic.ttf */; };
		F1F1E54929C741B000C21576 /* SignUpViewModel.swift in Sources */ = {isa = PBXBuildFile; fileRef = F1F1E54829C741B000C21576 /* SignUpViewModel.swift */; };
		F1F1E54B29C7429C00C21576 /* UIControl+.swift in Sources */ = {isa = PBXBuildFile; fileRef = F1F1E54A29C7429C00C21576 /* UIControl+.swift */; };
		F1F1E54F29C744DB00C21576 /* SignUpViewUseCase.swift in Sources */ = {isa = PBXBuildFile; fileRef = F1F1E54E29C744DB00C21576 /* SignUpViewUseCase.swift */; };
/* End PBXBuildFile section */

/* Begin PBXFileReference section */
		F11FB49F29BF4578002B7CB6 /* SignUpViewController.swift */ = {isa = PBXFileReference; lastKnownFileType = sourcecode.swift; path = SignUpViewController.swift; sourceTree = "<group>"; };
		F11FB4A129BF56FD002B7CB6 /* UIImage+.swift */ = {isa = PBXFileReference; lastKnownFileType = sourcecode.swift; path = "UIImage+.swift"; sourceTree = "<group>"; };
		F1B8298629C18C7C0058C843 /* Robt.entitlements */ = {isa = PBXFileReference; lastKnownFileType = text.plist.entitlements; path = Robt.entitlements; sourceTree = "<group>"; };
		F1B8298829C18E950058C843 /* AppleAuthenticationRepository.swift */ = {isa = PBXFileReference; lastKnownFileType = sourcecode.swift; path = AppleAuthenticationRepository.swift; sourceTree = "<group>"; };
		F1B8298A29C1A0EC0058C843 /* KeychainProvider.swift */ = {isa = PBXFileReference; lastKnownFileType = sourcecode.swift; path = KeychainProvider.swift; sourceTree = "<group>"; };
		F1EB03EA29BCCA30009764E8 /* AppDelegate.swift */ = {isa = PBXFileReference; lastKnownFileType = sourcecode.swift; path = AppDelegate.swift; sourceTree = "<group>"; };
		F1EB03EC29BCCA30009764E8 /* SceneDelegate.swift */ = {isa = PBXFileReference; lastKnownFileType = sourcecode.swift; path = SceneDelegate.swift; sourceTree = "<group>"; };
		F1EB03F329BCCA32009764E8 /* Assets.xcassets */ = {isa = PBXFileReference; lastKnownFileType = folder.assetcatalog; path = Assets.xcassets; sourceTree = "<group>"; };
		F1EB03F629BCCA32009764E8 /* Base */ = {isa = PBXFileReference; lastKnownFileType = file.storyboard; name = Base; path = Base.lproj/LaunchScreen.storyboard; sourceTree = "<group>"; };
		F1EB03F829BCCA32009764E8 /* Info.plist */ = {isa = PBXFileReference; lastKnownFileType = text.plist.xml; path = Info.plist; sourceTree = "<group>"; };
		F1EB043929BCDFE9009764E8 /* .swiftlint.yml */ = {isa = PBXFileReference; lastKnownFileType = text.yaml; path = .swiftlint.yml; sourceTree = "<group>"; };
		F1EB045229BDB6EB009764E8 /* NetworkModule */ = {isa = PBXFileReference; lastKnownFileType = wrapper; name = NetworkModule; path = ../NetworkModule; sourceTree = "<group>"; };
		F1EB045329BDB810009764E8 /* Robt.app */ = {isa = PBXFileReference; explicitFileType = wrapper.application; includeInIndex = 0; path = Robt.app; sourceTree = BUILT_PRODUCTS_DIR; };
		F1EB045629BDB9B2009764E8 /* UIModule */ = {isa = PBXFileReference; lastKnownFileType = wrapper; name = UIModule; path = ../UIModule; sourceTree = "<group>"; };
		F1EB045829BDC62B009764E8 /* RootCoordinator.swift */ = {isa = PBXFileReference; lastKnownFileType = sourcecode.swift; path = RootCoordinator.swift; sourceTree = "<group>"; };
		F1EB045A29BDC8EF009764E8 /* AuthenticationCoordinator.swift */ = {isa = PBXFileReference; lastKnownFileType = sourcecode.swift; path = AuthenticationCoordinator.swift; sourceTree = "<group>"; };
		F1EB045C29BDC986009764E8 /* AppMode.swift */ = {isa = PBXFileReference; lastKnownFileType = sourcecode.swift; path = AppMode.swift; sourceTree = "<group>"; };
		F1EB046029BDCBEB009764E8 /* HomeCoordinator.swift */ = {isa = PBXFileReference; lastKnownFileType = sourcecode.swift; path = HomeCoordinator.swift; sourceTree = "<group>"; };
		F1EB046429BDCD7F009764E8 /* HomeViewController.swift */ = {isa = PBXFileReference; lastKnownFileType = sourcecode.swift; path = HomeViewController.swift; sourceTree = "<group>"; };
		F1EB046629BDCD8D009764E8 /* AuthenticationViewController.swift */ = {isa = PBXFileReference; lastKnownFileType = sourcecode.swift; path = AuthenticationViewController.swift; sourceTree = "<group>"; };
		F1EB046B29BE055A009764E8 /* DependenciesContainer.swift */ = {isa = PBXFileReference; lastKnownFileType = sourcecode.swift; path = DependenciesContainer.swift; sourceTree = "<group>"; };
		F1EB046F29BE0598009764E8 /* DependencyKey.swift */ = {isa = PBXFileReference; lastKnownFileType = sourcecode.swift; path = DependencyKey.swift; sourceTree = "<group>"; };
		F1EB047129BE086B009764E8 /* DependenciesDefinition.swift */ = {isa = PBXFileReference; lastKnownFileType = sourcecode.swift; path = DependenciesDefinition.swift; sourceTree = "<group>"; };
		F1EB047529BE1868009764E8 /* UIButton+.swift */ = {isa = PBXFileReference; lastKnownFileType = sourcecode.swift; path = "UIButton+.swift"; sourceTree = "<group>"; };
		F1EB047829BE1B7F009764E8 /* Fonts.swift */ = {isa = PBXFileReference; lastKnownFileType = sourcecode.swift; path = Fonts.swift; sourceTree = "<group>"; };
		F1EB047A29BE1B95009764E8 /* Palettes.swift */ = {isa = PBXFileReference; lastKnownFileType = sourcecode.swift; path = Palettes.swift; sourceTree = "<group>"; };
		F1EB047D29BE236B009764E8 /* NotoSans-Regular.ttf */ = {isa = PBXFileReference; lastKnownFileType = file; path = "NotoSans-Regular.ttf"; sourceTree = "<group>"; };
		F1EB047E29BE236B009764E8 /* NotoSans-Medium.ttf */ = {isa = PBXFileReference; lastKnownFileType = file; path = "NotoSans-Medium.ttf"; sourceTree = "<group>"; };
		F1EB047F29BE236B009764E8 /* NotoSans-MediumItalic.ttf */ = {isa = PBXFileReference; lastKnownFileType = file; path = "NotoSans-MediumItalic.ttf"; sourceTree = "<group>"; };
		F1EB048029BE236B009764E8 /* NotoSans-Black.ttf */ = {isa = PBXFileReference; lastKnownFileType = file; path = "NotoSans-Black.ttf"; sourceTree = "<group>"; };
		F1EB048129BE236B009764E8 /* NotoSans-Bold.ttf */ = {isa = PBXFileReference; lastKnownFileType = file; path = "NotoSans-Bold.ttf"; sourceTree = "<group>"; };
		F1EB048229BE236B009764E8 /* NotoSans-Thin.ttf */ = {isa = PBXFileReference; lastKnownFileType = file; path = "NotoSans-Thin.ttf"; sourceTree = "<group>"; };
		F1EB048329BE236B009764E8 /* NotoSans-SemiBold.ttf */ = {isa = PBXFileReference; lastKnownFileType = file; path = "NotoSans-SemiBold.ttf"; sourceTree = "<group>"; };
		F1EB048429BE236B009764E8 /* NotoSans-SemiBoldItalic.ttf */ = {isa = PBXFileReference; lastKnownFileType = file; path = "NotoSans-SemiBoldItalic.ttf"; sourceTree = "<group>"; };
		F1EB048529BE236B009764E8 /* OFL.txt */ = {isa = PBXFileReference; fileEncoding = 4; lastKnownFileType = text; path = OFL.txt; sourceTree = "<group>"; };
		F1EB048629BE236B009764E8 /* NotoSans-LightItalic.ttf */ = {isa = PBXFileReference; lastKnownFileType = file; path = "NotoSans-LightItalic.ttf"; sourceTree = "<group>"; };
		F1EB048729BE236B009764E8 /* NotoSans-Light.ttf */ = {isa = PBXFileReference; lastKnownFileType = file; path = "NotoSans-Light.ttf"; sourceTree = "<group>"; };
		F1EB048829BE236B009764E8 /* NotoSans-BoldItalic.ttf */ = {isa = PBXFileReference; lastKnownFileType = file; path = "NotoSans-BoldItalic.ttf"; sourceTree = "<group>"; };
		F1EB048929BE236B009764E8 /* NotoSans-BlackItalic.ttf */ = {isa = PBXFileReference; lastKnownFileType = file; path = "NotoSans-BlackItalic.ttf"; sourceTree = "<group>"; };
		F1EB048A29BE236B009764E8 /* NotoSans-ExtraBoldItalic.ttf */ = {isa = PBXFileReference; lastKnownFileType = file; path = "NotoSans-ExtraBoldItalic.ttf"; sourceTree = "<group>"; };
		F1EB048B29BE236B009764E8 /* NotoSans-ExtraLight.ttf */ = {isa = PBXFileReference; lastKnownFileType = file; path = "NotoSans-ExtraLight.ttf"; sourceTree = "<group>"; };
		F1EB048C29BE236B009764E8 /* NotoSans-ThinItalic.ttf */ = {isa = PBXFileReference; lastKnownFileType = file; path = "NotoSans-ThinItalic.ttf"; sourceTree = "<group>"; };
		F1EB048D29BE236B009764E8 /* NotoSans-ExtraLightItalic.ttf */ = {isa = PBXFileReference; lastKnownFileType = file; path = "NotoSans-ExtraLightItalic.ttf"; sourceTree = "<group>"; };
		F1EB048E29BE236B009764E8 /* NotoSans-ExtraBold.ttf */ = {isa = PBXFileReference; lastKnownFileType = file; path = "NotoSans-ExtraBold.ttf"; sourceTree = "<group>"; };
		F1EB048F29BE236B009764E8 /* NotoSans-Italic.ttf */ = {isa = PBXFileReference; lastKnownFileType = file; path = "NotoSans-Italic.ttf"; sourceTree = "<group>"; };
		F1F1E54829C741B000C21576 /* SignUpViewModel.swift */ = {isa = PBXFileReference; lastKnownFileType = sourcecode.swift; path = SignUpViewModel.swift; sourceTree = "<group>"; };
		F1F1E54A29C7429C00C21576 /* UIControl+.swift */ = {isa = PBXFileReference; lastKnownFileType = sourcecode.swift; path = "UIControl+.swift"; sourceTree = "<group>"; };
		F1F1E54E29C744DB00C21576 /* SignUpViewUseCase.swift */ = {isa = PBXFileReference; lastKnownFileType = sourcecode.swift; path = SignUpViewUseCase.swift; sourceTree = "<group>"; };
/* End PBXFileReference section */

/* Begin PBXFrameworksBuildPhase section */
		F1EB03E429BCCA30009764E8 /* Frameworks */ = {
			isa = PBXFrameworksBuildPhase;
			buildActionMask = 2147483647;
			files = (
				F1EB045529BDB862009764E8 /* UIModule in Frameworks */,
				F1EB044B29BDB2D4009764E8 /* NetworkModule in Frameworks */,
			);
			runOnlyForDeploymentPostprocessing = 0;
		};
/* End PBXFrameworksBuildPhase section */

/* Begin PBXGroup section */
		F1B8298729C18E830058C843 /* Feature */ = {
			isa = PBXGroup;
			children = (
				F1F1E54D29C744CA00C21576 /* Repository */,
				F1F1E54C29C744C300C21576 /* UseCase */,
			);
			path = Feature;
			sourceTree = "<group>";
		};
		F1EB03DE29BCCA30009764E8 = {
			isa = PBXGroup;
			children = (
				F1EB043929BCDFE9009764E8 /* .swiftlint.yml */,
				F1EB03E929BCCA30009764E8 /* Robt */,
				F1EB044829BDB2C2009764E8 /* Frameworks */,
				F1EB045329BDB810009764E8 /* Robt.app */,
			);
			sourceTree = "<group>";
		};
		F1EB03E929BCCA30009764E8 /* Robt */ = {
			isa = PBXGroup;
			children = (
				F1B8298729C18E830058C843 /* Feature */,
				F1B8298629C18C7C0058C843 /* Robt.entitlements */,
				F1EB04A429BE2796009764E8 /* Share */,
				F1EB047329BE1838009764E8 /* Core */,
				F1EB043629BCDE20009764E8 /* Scene */,
				F1EB043529BCDE19009764E8 /* Resource */,
				F1EB043429BCDE0C009764E8 /* App */,
			);
			path = Robt;
			sourceTree = "<group>";
		};
		F1EB043429BCDE0C009764E8 /* App */ = {
			isa = PBXGroup;
			children = (
				F1EB046829BDFD2D009764E8 /* DI */,
				F1EB045729BDC61F009764E8 /* Coordinator */,
				F1EB03F829BCCA32009764E8 /* Info.plist */,
				F1EB03EC29BCCA30009764E8 /* SceneDelegate.swift */,
				F1EB03EA29BCCA30009764E8 /* AppDelegate.swift */,
			);
			path = App;
			sourceTree = "<group>";
		};
		F1EB043529BCDE19009764E8 /* Resource */ = {
			isa = PBXGroup;
			children = (
				F1EB04A329BE249A009764E8 /* Fonts */,
				F1EB03F329BCCA32009764E8 /* Assets.xcassets */,
			);
			path = Resource;
			sourceTree = "<group>";
		};
		F1EB043629BCDE20009764E8 /* Scene */ = {
			isa = PBXGroup;
			children = (
				F1EB046329BDCD5A009764E8 /* Home */,
				F1EB046229BDCD51009764E8 /* Authentication */,
				F1EB03F529BCCA32009764E8 /* LaunchScreen.storyboard */,
			);
			path = Scene;
			sourceTree = "<group>";
		};
		F1EB044829BDB2C2009764E8 /* Frameworks */ = {
			isa = PBXGroup;
			children = (
				F1EB045629BDB9B2009764E8 /* UIModule */,
				F1EB045229BDB6EB009764E8 /* NetworkModule */,
			);
			name = Frameworks;
			sourceTree = "<group>";
		};
		F1EB045729BDC61F009764E8 /* Coordinator */ = {
			isa = PBXGroup;
			children = (
				F1EB045C29BDC986009764E8 /* AppMode.swift */,
				F1EB045829BDC62B009764E8 /* RootCoordinator.swift */,
				F1EB045A29BDC8EF009764E8 /* AuthenticationCoordinator.swift */,
				F1EB046029BDCBEB009764E8 /* HomeCoordinator.swift */,
			);
			path = Coordinator;
			sourceTree = "<group>";
		};
		F1EB046229BDCD51009764E8 /* Authentication */ = {
			isa = PBXGroup;
			children = (
				F1F1E54729C7419900C21576 /* ViewModel */,
				F1EB046629BDCD8D009764E8 /* AuthenticationViewController.swift */,
				F11FB49F29BF4578002B7CB6 /* SignUpViewController.swift */,
			);
			path = Authentication;
			sourceTree = "<group>";
		};
		F1EB046329BDCD5A009764E8 /* Home */ = {
			isa = PBXGroup;
			children = (
				F1EB046429BDCD7F009764E8 /* HomeViewController.swift */,
			);
			path = Home;
			sourceTree = "<group>";
		};
		F1EB046829BDFD2D009764E8 /* DI */ = {
			isa = PBXGroup;
			children = (
				F1EB046F29BE0598009764E8 /* DependencyKey.swift */,
				F1EB046B29BE055A009764E8 /* DependenciesContainer.swift */,
				F1EB047129BE086B009764E8 /* DependenciesDefinition.swift */,
			);
			path = DI;
			sourceTree = "<group>";
		};
		F1EB047329BE1838009764E8 /* Core */ = {
			isa = PBXGroup;
			children = (
				F1F1E54329C5F7F900C21576 /* Provider */,
				F1EB047729BE1B75009764E8 /* UI */,
			);
			path = Core;
			sourceTree = "<group>";
		};
		F1EB047429BE1848009764E8 /* Extension */ = {
			isa = PBXGroup;
			children = (
				F1EB047529BE1868009764E8 /* UIButton+.swift */,
				F11FB4A129BF56FD002B7CB6 /* UIImage+.swift */,
				F1F1E54A29C7429C00C21576 /* UIControl+.swift */,
			);
			path = Extension;
			sourceTree = "<group>";
		};
		F1EB047729BE1B75009764E8 /* UI */ = {
			isa = PBXGroup;
			children = (
				F1EB047A29BE1B95009764E8 /* Palettes.swift */,
				F1EB047829BE1B7F009764E8 /* Fonts.swift */,
			);
			path = UI;
			sourceTree = "<group>";
		};
		F1EB047C29BE236B009764E8 /* Noto_Sans */ = {
			isa = PBXGroup;
			children = (
				F1EB047D29BE236B009764E8 /* NotoSans-Regular.ttf */,
				F1EB047E29BE236B009764E8 /* NotoSans-Medium.ttf */,
				F1EB047F29BE236B009764E8 /* NotoSans-MediumItalic.ttf */,
				F1EB048029BE236B009764E8 /* NotoSans-Black.ttf */,
				F1EB048129BE236B009764E8 /* NotoSans-Bold.ttf */,
				F1EB048229BE236B009764E8 /* NotoSans-Thin.ttf */,
				F1EB048329BE236B009764E8 /* NotoSans-SemiBold.ttf */,
				F1EB048429BE236B009764E8 /* NotoSans-SemiBoldItalic.ttf */,
				F1EB048529BE236B009764E8 /* OFL.txt */,
				F1EB048629BE236B009764E8 /* NotoSans-LightItalic.ttf */,
				F1EB048729BE236B009764E8 /* NotoSans-Light.ttf */,
				F1EB048829BE236B009764E8 /* NotoSans-BoldItalic.ttf */,
				F1EB048929BE236B009764E8 /* NotoSans-BlackItalic.ttf */,
				F1EB048A29BE236B009764E8 /* NotoSans-ExtraBoldItalic.ttf */,
				F1EB048B29BE236B009764E8 /* NotoSans-ExtraLight.ttf */,
				F1EB048C29BE236B009764E8 /* NotoSans-ThinItalic.ttf */,
				F1EB048D29BE236B009764E8 /* NotoSans-ExtraLightItalic.ttf */,
				F1EB048E29BE236B009764E8 /* NotoSans-ExtraBold.ttf */,
				F1EB048F29BE236B009764E8 /* NotoSans-Italic.ttf */,
			);
			path = Noto_Sans;
			sourceTree = "<group>";
		};
		F1EB04A329BE249A009764E8 /* Fonts */ = {
			isa = PBXGroup;
			children = (
				F1EB047C29BE236B009764E8 /* Noto_Sans */,
			);
			path = Fonts;
			sourceTree = "<group>";
		};
		F1EB04A429BE2796009764E8 /* Share */ = {
			isa = PBXGroup;
			children = (
				F1EB047429BE1848009764E8 /* Extension */,
			);
			path = Share;
			sourceTree = "<group>";
		};
		F1F1E54329C5F7F900C21576 /* Provider */ = {
			isa = PBXGroup;
			children = (
				F1F1E54429C5F80100C21576 /* Local */,
			);
			path = Provider;
			sourceTree = "<group>";
		};
		F1F1E54429C5F80100C21576 /* Local */ = {
			isa = PBXGroup;
			children = (
				F1B8298A29C1A0EC0058C843 /* KeychainProvider.swift */,
			);
			path = Local;
			sourceTree = "<group>";
		};
		F1F1E54729C7419900C21576 /* ViewModel */ = {
			isa = PBXGroup;
			children = (
				F1F1E54829C741B000C21576 /* SignUpViewModel.swift */,
			);
			path = ViewModel;
			sourceTree = "<group>";
		};
		F1F1E54C29C744C300C21576 /* UseCase */ = {
			isa = PBXGroup;
			children = (
				F1F1E54E29C744DB00C21576 /* SignUpViewUseCase.swift */,
			);
			path = UseCase;
			sourceTree = "<group>";
		};
		F1F1E54D29C744CA00C21576 /* Repository */ = {
			isa = PBXGroup;
			children = (
				F1B8298829C18E950058C843 /* AppleAuthenticationRepository.swift */,
			);
			path = Repository;
			sourceTree = "<group>";
		};
/* End PBXGroup section */

/* Begin PBXNativeTarget section */
		F1EB03E629BCCA30009764E8 /* Robt */ = {
			isa = PBXNativeTarget;
			buildConfigurationList = F1EB03FB29BCCA32009764E8 /* Build configuration list for PBXNativeTarget "Robt" */;
			buildPhases = (
				F1EB043C29BCE0A6009764E8 /* SwiftFormatScript */,
				F1EB043329BCDD5F009764E8 /* SwiftLint Script */,
				F1EB03E329BCCA30009764E8 /* Sources */,
				F1EB03E429BCCA30009764E8 /* Frameworks */,
				F1EB03E529BCCA30009764E8 /* Resources */,
			);
			buildRules = (
			);
			dependencies = (
			);
			name = Robt;
			packageProductDependencies = (
				F1EB044A29BDB2D4009764E8 /* NetworkModule */,
				F1EB045429BDB862009764E8 /* UIModule */,
			);
			productName = Robt;
			productReference = F1EB045329BDB810009764E8 /* Robt.app */;
			productType = "com.apple.product-type.application";
		};
/* End PBXNativeTarget section */

/* Begin PBXProject section */
		F1EB03DF29BCCA30009764E8 /* Project object */ = {
			isa = PBXProject;
			attributes = {
				BuildIndependentTargetsInParallel = 1;
				LastSwiftUpdateCheck = 1410;
				LastUpgradeCheck = 1410;
				TargetAttributes = {
					F1EB03E629BCCA30009764E8 = {
						CreatedOnToolsVersion = 14.1;
					};
				};
			};
			buildConfigurationList = F1EB03E229BCCA30009764E8 /* Build configuration list for PBXProject "Robt" */;
			compatibilityVersion = "Xcode 14.0";
			developmentRegion = en;
			hasScannedForEncodings = 0;
			knownRegions = (
				en,
				Base,
			);
			mainGroup = F1EB03DE29BCCA30009764E8;
			productRefGroup = F1EB03DE29BCCA30009764E8;
			projectDirPath = "";
			projectRoot = "";
			targets = (
				F1EB03E629BCCA30009764E8 /* Robt */,
			);
		};
/* End PBXProject section */

/* Begin PBXResourcesBuildPhase section */
		F1EB03E529BCCA30009764E8 /* Resources */ = {
			isa = PBXResourcesBuildPhase;
			buildActionMask = 2147483647;
			files = (
				F1EB049429BE236B009764E8 /* NotoSans-Bold.ttf in Resources */,
				F1EB049029BE236B009764E8 /* NotoSans-Regular.ttf in Resources */,
				F1EB049A29BE236B009764E8 /* NotoSans-Light.ttf in Resources */,
				F1EB049929BE236B009764E8 /* NotoSans-LightItalic.ttf in Resources */,
				F1EB043A29BCDFE9009764E8 /* .swiftlint.yml in Resources */,
				F1EB049229BE236B009764E8 /* NotoSans-MediumItalic.ttf in Resources */,
				F1EB03F729BCCA32009764E8 /* LaunchScreen.storyboard in Resources */,
				F1EB049329BE236B009764E8 /* NotoSans-Black.ttf in Resources */,
				F1EB049829BE236B009764E8 /* OFL.txt in Resources */,
				F1EB04A029BE236B009764E8 /* NotoSans-ExtraLightItalic.ttf in Resources */,
				F1EB049C29BE236B009764E8 /* NotoSans-BlackItalic.ttf in Resources */,
				F1EB049629BE236B009764E8 /* NotoSans-SemiBold.ttf in Resources */,
				F1EB049E29BE236B009764E8 /* NotoSans-ExtraLight.ttf in Resources */,
				F1EB049729BE236B009764E8 /* NotoSans-SemiBoldItalic.ttf in Resources */,
				F1EB04A129BE236B009764E8 /* NotoSans-ExtraBold.ttf in Resources */,
				F1EB03F429BCCA32009764E8 /* Assets.xcassets in Resources */,
				F1EB049B29BE236B009764E8 /* NotoSans-BoldItalic.ttf in Resources */,
				F1EB049529BE236B009764E8 /* NotoSans-Thin.ttf in Resources */,
				F1EB049129BE236B009764E8 /* NotoSans-Medium.ttf in Resources */,
				F1EB049D29BE236B009764E8 /* NotoSans-ExtraBoldItalic.ttf in Resources */,
				F1EB049F29BE236B009764E8 /* NotoSans-ThinItalic.ttf in Resources */,
				F1EB04A229BE236B009764E8 /* NotoSans-Italic.ttf in Resources */,
			);
			runOnlyForDeploymentPostprocessing = 0;
		};
/* End PBXResourcesBuildPhase section */

/* Begin PBXShellScriptBuildPhase section */
		F1EB043329BCDD5F009764E8 /* SwiftLint Script */ = {
			isa = PBXShellScriptBuildPhase;
			alwaysOutOfDate = 1;
			buildActionMask = 2147483647;
			files = (
			);
			inputFileListPaths = (
			);
			inputPaths = (
			);
			name = "SwiftLint Script";
			outputFileListPaths = (
			);
			outputPaths = (
			);
			runOnlyForDeploymentPostprocessing = 0;
			shellPath = /bin/sh;
			shellScript = "export PATH=\"$PATH:/opt/homebrew/bin\"\nif which swiftlint > /dev/null; then\n  swiftlint\nelse\n  echo \"warning: SwiftLint not installed, download from https://github.com/realm/SwiftLint\"\nfi\n";
		};
		F1EB043C29BCE0A6009764E8 /* SwiftFormatScript */ = {
			isa = PBXShellScriptBuildPhase;
			buildActionMask = 2147483647;
			files = (
			);
			inputFileListPaths = (
			);
			inputPaths = (
			);
			name = SwiftFormatScript;
			outputFileListPaths = (
			);
			outputPaths = (
			);
			runOnlyForDeploymentPostprocessing = 0;
			shellPath = /bin/sh;
			shellScript = "export PATH=\"$PATH:/opt/homebrew/bin\"\nif which swiftformat > /dev/null; then\n  swiftformat .\nelse\n  echo \"warning: SwiftFormat not installed, download from https://github.com/nicklockwood/SwiftFormat\"\nfi\n";
		};
/* End PBXShellScriptBuildPhase section */

/* Begin PBXSourcesBuildPhase section */
		F1EB03E329BCCA30009764E8 /* Sources */ = {
			isa = PBXSourcesBuildPhase;
			buildActionMask = 2147483647;
			files = (
				F1EB045929BDC62B009764E8 /* RootCoordinator.swift in Sources */,
				F1EB045B29BDC8EF009764E8 /* AuthenticationCoordinator.swift in Sources */,
				F1F1E54929C741B000C21576 /* SignUpViewModel.swift in Sources */,
				F1EB047929BE1B7F009764E8 /* Fonts.swift in Sources */,
				F1EB045D29BDC986009764E8 /* AppMode.swift in Sources */,
				F1EB03EB29BCCA30009764E8 /* AppDelegate.swift in Sources */,
				F11FB4A229BF56FD002B7CB6 /* UIImage+.swift in Sources */,
				F1EB046C29BE055A009764E8 /* DependenciesContainer.swift in Sources */,
				F1EB046729BDCD8D009764E8 /* AuthenticationViewController.swift in Sources */,
				F1F1E54F29C744DB00C21576 /* SignUpViewUseCase.swift in Sources */,
				F1B8298B29C1A0EC0058C843 /* KeychainProvider.swift in Sources */,
				F11FB4A029BF4578002B7CB6 /* SignUpViewController.swift in Sources */,
				F1EB047029BE0598009764E8 /* DependencyKey.swift in Sources */,
				F1EB047629BE1868009764E8 /* UIButton+.swift in Sources */,
				F1F1E54B29C7429C00C21576 /* UIControl+.swift in Sources */,
				F1EB046129BDCBEB009764E8 /* HomeCoordinator.swift in Sources */,
				F1EB046529BDCD7F009764E8 /* HomeViewController.swift in Sources */,
				F1EB03ED29BCCA30009764E8 /* SceneDelegate.swift in Sources */,
				F1EB047229BE086B009764E8 /* DependenciesDefinition.swift in Sources */,
				F1EB047B29BE1B95009764E8 /* Palettes.swift in Sources */,
				F1B8298929C18E950058C843 /* AppleAuthenticationRepository.swift in Sources */,
			);
			runOnlyForDeploymentPostprocessing = 0;
		};
/* End PBXSourcesBuildPhase section */

/* Begin PBXVariantGroup section */
		F1EB03F529BCCA32009764E8 /* LaunchScreen.storyboard */ = {
			isa = PBXVariantGroup;
			children = (
				F1EB03F629BCCA32009764E8 /* Base */,
			);
			name = LaunchScreen.storyboard;
			sourceTree = "<group>";
		};
/* End PBXVariantGroup section */

/* Begin XCBuildConfiguration section */
		F1EB03F929BCCA32009764E8 /* Debug */ = {
			isa = XCBuildConfiguration;
			buildSettings = {
				ALWAYS_SEARCH_USER_PATHS = NO;
				CLANG_ANALYZER_NONNULL = YES;
				CLANG_ANALYZER_NUMBER_OBJECT_CONVERSION = YES_AGGRESSIVE;
				CLANG_CXX_LANGUAGE_STANDARD = "gnu++20";
				CLANG_ENABLE_MODULES = YES;
				CLANG_ENABLE_OBJC_ARC = YES;
				CLANG_ENABLE_OBJC_WEAK = YES;
				CLANG_WARN_BLOCK_CAPTURE_AUTORELEASING = YES;
				CLANG_WARN_BOOL_CONVERSION = YES;
				CLANG_WARN_COMMA = YES;
				CLANG_WARN_CONSTANT_CONVERSION = YES;
				CLANG_WARN_DEPRECATED_OBJC_IMPLEMENTATIONS = YES;
				CLANG_WARN_DIRECT_OBJC_ISA_USAGE = YES_ERROR;
				CLANG_WARN_DOCUMENTATION_COMMENTS = YES;
				CLANG_WARN_EMPTY_BODY = YES;
				CLANG_WARN_ENUM_CONVERSION = YES;
				CLANG_WARN_INFINITE_RECURSION = YES;
				CLANG_WARN_INT_CONVERSION = YES;
				CLANG_WARN_NON_LITERAL_NULL_CONVERSION = YES;
				CLANG_WARN_OBJC_IMPLICIT_RETAIN_SELF = YES;
				CLANG_WARN_OBJC_LITERAL_CONVERSION = YES;
				CLANG_WARN_OBJC_ROOT_CLASS = YES_ERROR;
				CLANG_WARN_QUOTED_INCLUDE_IN_FRAMEWORK_HEADER = YES;
				CLANG_WARN_RANGE_LOOP_ANALYSIS = YES;
				CLANG_WARN_STRICT_PROTOTYPES = YES;
				CLANG_WARN_SUSPICIOUS_MOVE = YES;
				CLANG_WARN_UNGUARDED_AVAILABILITY = YES_AGGRESSIVE;
				CLANG_WARN_UNREACHABLE_CODE = YES;
				CLANG_WARN__DUPLICATE_METHOD_MATCH = YES;
				COPY_PHASE_STRIP = NO;
				DEBUG_INFORMATION_FORMAT = dwarf;
				ENABLE_STRICT_OBJC_MSGSEND = YES;
				ENABLE_TESTABILITY = YES;
				GCC_C_LANGUAGE_STANDARD = gnu11;
				GCC_DYNAMIC_NO_PIC = NO;
				GCC_NO_COMMON_BLOCKS = YES;
				GCC_OPTIMIZATION_LEVEL = 0;
				GCC_PREPROCESSOR_DEFINITIONS = (
					"DEBUG=1",
					"$(inherited)",
				);
				GCC_WARN_64_TO_32_BIT_CONVERSION = YES;
				GCC_WARN_ABOUT_RETURN_TYPE = YES_ERROR;
				GCC_WARN_UNDECLARED_SELECTOR = YES;
				GCC_WARN_UNINITIALIZED_AUTOS = YES_AGGRESSIVE;
				GCC_WARN_UNUSED_FUNCTION = YES;
				GCC_WARN_UNUSED_VARIABLE = YES;
				IPHONEOS_DEPLOYMENT_TARGET = 14.5;
				MTL_ENABLE_DEBUG_INFO = INCLUDE_SOURCE;
				MTL_FAST_MATH = YES;
				ONLY_ACTIVE_ARCH = YES;
				SDKROOT = iphoneos;
				SWIFT_ACTIVE_COMPILATION_CONDITIONS = DEBUG;
				SWIFT_OPTIMIZATION_LEVEL = "-Onone";
			};
			name = Debug;
		};
		F1EB03FA29BCCA32009764E8 /* Release */ = {
			isa = XCBuildConfiguration;
			buildSettings = {
				ALWAYS_SEARCH_USER_PATHS = NO;
				CLANG_ANALYZER_NONNULL = YES;
				CLANG_ANALYZER_NUMBER_OBJECT_CONVERSION = YES_AGGRESSIVE;
				CLANG_CXX_LANGUAGE_STANDARD = "gnu++20";
				CLANG_ENABLE_MODULES = YES;
				CLANG_ENABLE_OBJC_ARC = YES;
				CLANG_ENABLE_OBJC_WEAK = YES;
				CLANG_WARN_BLOCK_CAPTURE_AUTORELEASING = YES;
				CLANG_WARN_BOOL_CONVERSION = YES;
				CLANG_WARN_COMMA = YES;
				CLANG_WARN_CONSTANT_CONVERSION = YES;
				CLANG_WARN_DEPRECATED_OBJC_IMPLEMENTATIONS = YES;
				CLANG_WARN_DIRECT_OBJC_ISA_USAGE = YES_ERROR;
				CLANG_WARN_DOCUMENTATION_COMMENTS = YES;
				CLANG_WARN_EMPTY_BODY = YES;
				CLANG_WARN_ENUM_CONVERSION = YES;
				CLANG_WARN_INFINITE_RECURSION = YES;
				CLANG_WARN_INT_CONVERSION = YES;
				CLANG_WARN_NON_LITERAL_NULL_CONVERSION = YES;
				CLANG_WARN_OBJC_IMPLICIT_RETAIN_SELF = YES;
				CLANG_WARN_OBJC_LITERAL_CONVERSION = YES;
				CLANG_WARN_OBJC_ROOT_CLASS = YES_ERROR;
				CLANG_WARN_QUOTED_INCLUDE_IN_FRAMEWORK_HEADER = YES;
				CLANG_WARN_RANGE_LOOP_ANALYSIS = YES;
				CLANG_WARN_STRICT_PROTOTYPES = YES;
				CLANG_WARN_SUSPICIOUS_MOVE = YES;
				CLANG_WARN_UNGUARDED_AVAILABILITY = YES_AGGRESSIVE;
				CLANG_WARN_UNREACHABLE_CODE = YES;
				CLANG_WARN__DUPLICATE_METHOD_MATCH = YES;
				COPY_PHASE_STRIP = NO;
				DEBUG_INFORMATION_FORMAT = "dwarf-with-dsym";
				ENABLE_NS_ASSERTIONS = NO;
				ENABLE_STRICT_OBJC_MSGSEND = YES;
				GCC_C_LANGUAGE_STANDARD = gnu11;
				GCC_NO_COMMON_BLOCKS = YES;
				GCC_WARN_64_TO_32_BIT_CONVERSION = YES;
				GCC_WARN_ABOUT_RETURN_TYPE = YES_ERROR;
				GCC_WARN_UNDECLARED_SELECTOR = YES;
				GCC_WARN_UNINITIALIZED_AUTOS = YES_AGGRESSIVE;
				GCC_WARN_UNUSED_FUNCTION = YES;
				GCC_WARN_UNUSED_VARIABLE = YES;
				IPHONEOS_DEPLOYMENT_TARGET = 14.5;
				MTL_ENABLE_DEBUG_INFO = NO;
				MTL_FAST_MATH = YES;
				SDKROOT = iphoneos;
				SWIFT_COMPILATION_MODE = wholemodule;
				SWIFT_OPTIMIZATION_LEVEL = "-O";
				VALIDATE_PRODUCT = YES;
			};
			name = Release;
		};
		F1EB03FC29BCCA32009764E8 /* Debug */ = {
			isa = XCBuildConfiguration;
			buildSettings = {
				ASSETCATALOG_COMPILER_APPICON_NAME = AppIcon;
				ASSETCATALOG_COMPILER_GLOBAL_ACCENT_COLOR_NAME = AccentColor;
				CODE_SIGN_ENTITLEMENTS = Robt/Robt.entitlements;
				CODE_SIGN_STYLE = Automatic;
				CURRENT_PROJECT_VERSION = 1;
				DEVELOPMENT_TEAM = KD3GVSQ9P4;
				GENERATE_INFOPLIST_FILE = YES;
				INFOPLIST_FILE = Robt/App/Info.plist;
				INFOPLIST_KEY_UIApplicationSupportsIndirectInputEvents = YES;
				INFOPLIST_KEY_UILaunchStoryboardName = LaunchScreen;
				INFOPLIST_KEY_UISupportedInterfaceOrientations_iPad = "UIInterfaceOrientationPortrait UIInterfaceOrientationPortraitUpsideDown UIInterfaceOrientationLandscapeLeft UIInterfaceOrientationLandscapeRight";
				INFOPLIST_KEY_UISupportedInterfaceOrientations_iPhone = "UIInterfaceOrientationPortrait UIInterfaceOrientationLandscapeLeft UIInterfaceOrientationLandscapeRight";
				LD_RUNPATH_SEARCH_PATHS = (
					"$(inherited)",
					"@executable_path/Frameworks",
				);
				MARKETING_VERSION = 1.0;
				PRODUCT_BUNDLE_IDENTIFIER = com.godo.robt;
				PRODUCT_NAME = Robt;
				SWIFT_EMIT_LOC_STRINGS = YES;
				SWIFT_VERSION = 5.0;
				TARGETED_DEVICE_FAMILY = "1,2";
			};
			name = Debug;
		};
		F1EB03FD29BCCA32009764E8 /* Release */ = {
			isa = XCBuildConfiguration;
			buildSettings = {
				ASSETCATALOG_COMPILER_APPICON_NAME = AppIcon;
				ASSETCATALOG_COMPILER_GLOBAL_ACCENT_COLOR_NAME = AccentColor;
				CODE_SIGN_ENTITLEMENTS = Robt/Robt.entitlements;
				CODE_SIGN_STYLE = Automatic;
				CURRENT_PROJECT_VERSION = 1;
				DEVELOPMENT_TEAM = KD3GVSQ9P4;
				GENERATE_INFOPLIST_FILE = YES;
				INFOPLIST_FILE = Robt/App/Info.plist;
				INFOPLIST_KEY_UIApplicationSupportsIndirectInputEvents = YES;
				INFOPLIST_KEY_UILaunchStoryboardName = LaunchScreen;
				INFOPLIST_KEY_UISupportedInterfaceOrientations_iPad = "UIInterfaceOrientationPortrait UIInterfaceOrientationPortraitUpsideDown UIInterfaceOrientationLandscapeLeft UIInterfaceOrientationLandscapeRight";
				INFOPLIST_KEY_UISupportedInterfaceOrientations_iPhone = "UIInterfaceOrientationPortrait UIInterfaceOrientationLandscapeLeft UIInterfaceOrientationLandscapeRight";
				LD_RUNPATH_SEARCH_PATHS = (
					"$(inherited)",
					"@executable_path/Frameworks",
				);
				MARKETING_VERSION = 1.0;
				PRODUCT_BUNDLE_IDENTIFIER = com.godo.robt;
				PRODUCT_NAME = Robt;
				SWIFT_EMIT_LOC_STRINGS = YES;
				SWIFT_VERSION = 5.0;
				TARGETED_DEVICE_FAMILY = "1,2";
			};
			name = Release;
		};
		F1EB042029BCCF85009764E8 /* Robt_Dev */ = {
			isa = XCBuildConfiguration;
			buildSettings = {
				ALWAYS_SEARCH_USER_PATHS = NO;
				CLANG_ANALYZER_NONNULL = YES;
				CLANG_ANALYZER_NUMBER_OBJECT_CONVERSION = YES_AGGRESSIVE;
				CLANG_CXX_LANGUAGE_STANDARD = "gnu++20";
				CLANG_ENABLE_MODULES = YES;
				CLANG_ENABLE_OBJC_ARC = YES;
				CLANG_ENABLE_OBJC_WEAK = YES;
				CLANG_WARN_BLOCK_CAPTURE_AUTORELEASING = YES;
				CLANG_WARN_BOOL_CONVERSION = YES;
				CLANG_WARN_COMMA = YES;
				CLANG_WARN_CONSTANT_CONVERSION = YES;
				CLANG_WARN_DEPRECATED_OBJC_IMPLEMENTATIONS = YES;
				CLANG_WARN_DIRECT_OBJC_ISA_USAGE = YES_ERROR;
				CLANG_WARN_DOCUMENTATION_COMMENTS = YES;
				CLANG_WARN_EMPTY_BODY = YES;
				CLANG_WARN_ENUM_CONVERSION = YES;
				CLANG_WARN_INFINITE_RECURSION = YES;
				CLANG_WARN_INT_CONVERSION = YES;
				CLANG_WARN_NON_LITERAL_NULL_CONVERSION = YES;
				CLANG_WARN_OBJC_IMPLICIT_RETAIN_SELF = YES;
				CLANG_WARN_OBJC_LITERAL_CONVERSION = YES;
				CLANG_WARN_OBJC_ROOT_CLASS = YES_ERROR;
				CLANG_WARN_QUOTED_INCLUDE_IN_FRAMEWORK_HEADER = YES;
				CLANG_WARN_RANGE_LOOP_ANALYSIS = YES;
				CLANG_WARN_STRICT_PROTOTYPES = YES;
				CLANG_WARN_SUSPICIOUS_MOVE = YES;
				CLANG_WARN_UNGUARDED_AVAILABILITY = YES_AGGRESSIVE;
				CLANG_WARN_UNREACHABLE_CODE = YES;
				CLANG_WARN__DUPLICATE_METHOD_MATCH = YES;
				COPY_PHASE_STRIP = NO;
				DEBUG_INFORMATION_FORMAT = dwarf;
				ENABLE_STRICT_OBJC_MSGSEND = YES;
				ENABLE_TESTABILITY = YES;
				GCC_C_LANGUAGE_STANDARD = gnu11;
				GCC_DYNAMIC_NO_PIC = NO;
				GCC_NO_COMMON_BLOCKS = YES;
				GCC_OPTIMIZATION_LEVEL = 0;
				GCC_PREPROCESSOR_DEFINITIONS = (
					"DEBUG=1",
					"$(inherited)",
				);
				GCC_WARN_64_TO_32_BIT_CONVERSION = YES;
				GCC_WARN_ABOUT_RETURN_TYPE = YES_ERROR;
				GCC_WARN_UNDECLARED_SELECTOR = YES;
				GCC_WARN_UNINITIALIZED_AUTOS = YES_AGGRESSIVE;
				GCC_WARN_UNUSED_FUNCTION = YES;
				GCC_WARN_UNUSED_VARIABLE = YES;
				IPHONEOS_DEPLOYMENT_TARGET = 14.5;
				MTL_ENABLE_DEBUG_INFO = INCLUDE_SOURCE;
				MTL_FAST_MATH = YES;
				ONLY_ACTIVE_ARCH = YES;
				SDKROOT = iphoneos;
				SWIFT_ACTIVE_COMPILATION_CONDITIONS = DEBUG;
				SWIFT_OPTIMIZATION_LEVEL = "-Onone";
			};
			name = Robt_Dev;
		};
		F1EB042129BCCF85009764E8 /* Robt_Dev */ = {
			isa = XCBuildConfiguration;
			buildSettings = {
				ASSETCATALOG_COMPILER_APPICON_NAME = AppIcon;
				ASSETCATALOG_COMPILER_GLOBAL_ACCENT_COLOR_NAME = AccentColor;
				CODE_SIGN_ENTITLEMENTS = Robt/RobtRobt_Dev.entitlements;
				CODE_SIGN_STYLE = Automatic;
				CURRENT_PROJECT_VERSION = 1;
				DEVELOPMENT_TEAM = KD3GVSQ9P4;
				GENERATE_INFOPLIST_FILE = YES;
				INFOPLIST_FILE = Robt/App/Info.plist;
				INFOPLIST_KEY_UIApplicationSupportsIndirectInputEvents = YES;
				INFOPLIST_KEY_UILaunchStoryboardName = LaunchScreen;
				INFOPLIST_KEY_UISupportedInterfaceOrientations_iPad = "UIInterfaceOrientationPortrait UIInterfaceOrientationPortraitUpsideDown UIInterfaceOrientationLandscapeLeft UIInterfaceOrientationLandscapeRight";
				INFOPLIST_KEY_UISupportedInterfaceOrientations_iPhone = "UIInterfaceOrientationPortrait UIInterfaceOrientationLandscapeLeft UIInterfaceOrientationLandscapeRight";
				LD_RUNPATH_SEARCH_PATHS = (
					"$(inherited)",
					"@executable_path/Frameworks",
				);
				MARKETING_VERSION = 1.0;
				PRODUCT_BUNDLE_IDENTIFIER = com.godo.robt;
				PRODUCT_NAME = Robt_Dev;
				SWIFT_EMIT_LOC_STRINGS = YES;
				SWIFT_VERSION = 5.0;
				TARGETED_DEVICE_FAMILY = "1,2";
			};
			name = Robt_Dev;
		};
		F1EB043129BCDAF8009764E8 /* Robt_Test */ = {
			isa = XCBuildConfiguration;
			buildSettings = {
				ALWAYS_SEARCH_USER_PATHS = NO;
				CLANG_ANALYZER_NONNULL = YES;
				CLANG_ANALYZER_NUMBER_OBJECT_CONVERSION = YES_AGGRESSIVE;
				CLANG_CXX_LANGUAGE_STANDARD = "gnu++20";
				CLANG_ENABLE_MODULES = YES;
				CLANG_ENABLE_OBJC_ARC = YES;
				CLANG_ENABLE_OBJC_WEAK = YES;
				CLANG_WARN_BLOCK_CAPTURE_AUTORELEASING = YES;
				CLANG_WARN_BOOL_CONVERSION = YES;
				CLANG_WARN_COMMA = YES;
				CLANG_WARN_CONSTANT_CONVERSION = YES;
				CLANG_WARN_DEPRECATED_OBJC_IMPLEMENTATIONS = YES;
				CLANG_WARN_DIRECT_OBJC_ISA_USAGE = YES_ERROR;
				CLANG_WARN_DOCUMENTATION_COMMENTS = YES;
				CLANG_WARN_EMPTY_BODY = YES;
				CLANG_WARN_ENUM_CONVERSION = YES;
				CLANG_WARN_INFINITE_RECURSION = YES;
				CLANG_WARN_INT_CONVERSION = YES;
				CLANG_WARN_NON_LITERAL_NULL_CONVERSION = YES;
				CLANG_WARN_OBJC_IMPLICIT_RETAIN_SELF = YES;
				CLANG_WARN_OBJC_LITERAL_CONVERSION = YES;
				CLANG_WARN_OBJC_ROOT_CLASS = YES_ERROR;
				CLANG_WARN_QUOTED_INCLUDE_IN_FRAMEWORK_HEADER = YES;
				CLANG_WARN_RANGE_LOOP_ANALYSIS = YES;
				CLANG_WARN_STRICT_PROTOTYPES = YES;
				CLANG_WARN_SUSPICIOUS_MOVE = YES;
				CLANG_WARN_UNGUARDED_AVAILABILITY = YES_AGGRESSIVE;
				CLANG_WARN_UNREACHABLE_CODE = YES;
				CLANG_WARN__DUPLICATE_METHOD_MATCH = YES;
				COPY_PHASE_STRIP = NO;
				DEBUG_INFORMATION_FORMAT = dwarf;
				ENABLE_STRICT_OBJC_MSGSEND = YES;
				ENABLE_TESTABILITY = YES;
				GCC_C_LANGUAGE_STANDARD = gnu11;
				GCC_DYNAMIC_NO_PIC = NO;
				GCC_NO_COMMON_BLOCKS = YES;
				GCC_OPTIMIZATION_LEVEL = 0;
				GCC_PREPROCESSOR_DEFINITIONS = (
					"DEBUG=1",
					"$(inherited)",
				);
				GCC_WARN_64_TO_32_BIT_CONVERSION = YES;
				GCC_WARN_ABOUT_RETURN_TYPE = YES_ERROR;
				GCC_WARN_UNDECLARED_SELECTOR = YES;
				GCC_WARN_UNINITIALIZED_AUTOS = YES_AGGRESSIVE;
				GCC_WARN_UNUSED_FUNCTION = YES;
				GCC_WARN_UNUSED_VARIABLE = YES;
				IPHONEOS_DEPLOYMENT_TARGET = 14.5;
				MTL_ENABLE_DEBUG_INFO = INCLUDE_SOURCE;
				MTL_FAST_MATH = YES;
				ONLY_ACTIVE_ARCH = YES;
				SDKROOT = iphoneos;
				SWIFT_ACTIVE_COMPILATION_CONDITIONS = DEBUG;
				SWIFT_OPTIMIZATION_LEVEL = "-Onone";
			};
			name = Robt_Test;
		};
		F1EB043229BCDAF8009764E8 /* Robt_Test */ = {
			isa = XCBuildConfiguration;
			buildSettings = {
				ASSETCATALOG_COMPILER_APPICON_NAME = AppIcon;
				ASSETCATALOG_COMPILER_GLOBAL_ACCENT_COLOR_NAME = AccentColor;
				CODE_SIGN_ENTITLEMENTS = Robt/Robt.entitlements;
				CODE_SIGN_STYLE = Automatic;
				CURRENT_PROJECT_VERSION = 1;
				DEVELOPMENT_TEAM = KD3GVSQ9P4;
				GENERATE_INFOPLIST_FILE = YES;
				INFOPLIST_FILE = Robt/App/Info.plist;
				INFOPLIST_KEY_UIApplicationSupportsIndirectInputEvents = YES;
				INFOPLIST_KEY_UILaunchStoryboardName = LaunchScreen;
				INFOPLIST_KEY_UISupportedInterfaceOrientations_iPad = "UIInterfaceOrientationPortrait UIInterfaceOrientationPortraitUpsideDown UIInterfaceOrientationLandscapeLeft UIInterfaceOrientationLandscapeRight";
				INFOPLIST_KEY_UISupportedInterfaceOrientations_iPhone = "UIInterfaceOrientationPortrait UIInterfaceOrientationLandscapeLeft UIInterfaceOrientationLandscapeRight";
				LD_RUNPATH_SEARCH_PATHS = (
					"$(inherited)",
					"@executable_path/Frameworks",
				);
				MARKETING_VERSION = 1.0;
				PRODUCT_BUNDLE_IDENTIFIER = com.godo.robt;
				PRODUCT_NAME = Robt_Test;
				SWIFT_EMIT_LOC_STRINGS = YES;
				SWIFT_VERSION = 5.0;
				TARGETED_DEVICE_FAMILY = "1,2";
			};
			name = Robt_Test;
		};
/* End XCBuildConfiguration section */

/* Begin XCConfigurationList section */
		F1EB03E229BCCA30009764E8 /* Build configuration list for PBXProject "Robt" */ = {
			isa = XCConfigurationList;
			buildConfigurations = (
				F1EB03F929BCCA32009764E8 /* Debug */,
				F1EB043129BCDAF8009764E8 /* Robt_Test */,
				F1EB042029BCCF85009764E8 /* Robt_Dev */,
				F1EB03FA29BCCA32009764E8 /* Release */,
			);
			defaultConfigurationIsVisible = 0;
			defaultConfigurationName = Release;
		};
		F1EB03FB29BCCA32009764E8 /* Build configuration list for PBXNativeTarget "Robt" */ = {
			isa = XCConfigurationList;
			buildConfigurations = (
				F1EB03FC29BCCA32009764E8 /* Debug */,
				F1EB043229BCDAF8009764E8 /* Robt_Test */,
				F1EB042129BCCF85009764E8 /* Robt_Dev */,
				F1EB03FD29BCCA32009764E8 /* Release */,
			);
			defaultConfigurationIsVisible = 0;
			defaultConfigurationName = Release;
		};
/* End XCConfigurationList section */

/* Begin XCSwiftPackageProductDependency section */
		F1EB044A29BDB2D4009764E8 /* NetworkModule */ = {
			isa = XCSwiftPackageProductDependency;
			productName = NetworkModule;
		};
		F1EB045429BDB862009764E8 /* UIModule */ = {
			isa = XCSwiftPackageProductDependency;
			productName = UIModule;
		};
/* End XCSwiftPackageProductDependency section */
	};
	rootObject = F1EB03DF29BCCA30009764E8 /* Project object */;
}
